
Microsoft Visual Studio Solution File, Format Version 12.00
# Visual Studio Version 17
VisualStudioVersion = 17.5.33530.505
MinimumVisualStudioVersion = 10.0.40219.1
Project("{FAE04EC0-301F-11D3-BF4B-00C04F79EFBC}") = "WPF_MVVM_2048", "WPF_MVVM_2048.csproj", "{98552160-41E7-496B-BACB-39B7F6CB335B}"
EndProject
Global
	GlobalSection(SolutionConfigurationPlatforms) = preSolution
		Debug|Any CPU = Debug|Any CPU
		Release|Any CPU = Release|Any CPU
	EndGlobalSection
	GlobalSection(ProjectConfigurationPlatforms) = postSolution
		{98552160-41E7-496B-BACB-39B7F6CB335B}.Debug|Any CPU.ActiveCfg = Debug|Any CPU
		{98552160-41E7-496B-BACB-39B7F6CB335B}.Debug|Any CPU.Build.0 = Debug|Any CPU
		{98552160-41E7-496B-BACB-39B7F6CB335B}.Release|Any CPU.ActiveCfg = Release|Any CPU
		{98552160-41E7-496B-BACB-39B7F6CB335B}.Release|Any CPU.Build.0 = Release|Any CPU
	EndGlobalSection
	GlobalSection(SolutionProperties) = preSolution
		HideSolutionNode = FALSE
	EndGlobalSection
	GlobalSection(ExtensibilityGlobals) = postSolution
		SolutionGuid = {8659F34D-A1F5-439E-99B4-2EAA3D458F1F}
	EndGlobalSection
EndGlobal
